
Microsoft Visual Studio Solution File, Format Version 12.00
# Visual Studio Version 16
VisualStudioVersion = 16.0.31410.357
MinimumVisualStudioVersion = 10.0.40219.1
Project("{FAE04EC0-301F-11D3-BF4B-00C04F79EFBC}") = "UserRegistrationUsingLambda", "Day-19,20,21,22,24UserRegistration\UserRegistrationUsingLambda.csproj", "{35F67CBB-C6FA-4239-A1B8-234329DFC6D0}"
EndProject
Global
	GlobalSection(SolutionConfigurationPlatforms) = preSolution
		Debug|Any CPU = Debug|Any CPU
		Release|Any CPU = Release|Any CPU
	EndGlobalSection
	GlobalSection(ProjectConfigurationPlatforms) = postSolution
		{35F67CBB-C6FA-4239-A1B8-234329DFC6D0}.Debug|Any CPU.ActiveCfg = Debug|Any CPU
		{35F67CBB-C6FA-4239-A1B8-234329DFC6D0}.Debug|Any CPU.Build.0 = Debug|Any CPU
		{35F67CBB-C6FA-4239-A1B8-234329DFC6D0}.Release|Any CPU.ActiveCfg = Release|Any CPU
		{35F67CBB-C6FA-4239-A1B8-234329DFC6D0}.Release|Any CPU.Build.0 = Release|Any CPU
	EndGlobalSection
	GlobalSection(SolutionProperties) = preSolution
		HideSolutionNode = FALSE
	EndGlobalSection
	GlobalSection(ExtensibilityGlobals) = postSolution
		SolutionGuid = {4D583B85-DD07-4DF9-8AA5-0830BA34D59F}
	EndGlobalSection
EndGlobal
